// !$*UTF8*$!
{
	archiveVersion = 1;
	classes = {
	};
	objectVersion = 50;
	objects = {

/* Begin PBXBuildFile section */
		0557F89D25253F4D001278AC /* Coin.swift in Sources */ = {isa = PBXBuildFile; fileRef = 0557F89C25253F4D001278AC /* Coin.swift */; };
		058E0CE92524DE9D0085AC62 /* CoinsList.swift in Sources */ = {isa = PBXBuildFile; fileRef = 058E0CE82524DE9D0085AC62 /* CoinsList.swift */; };
		058E0CEE2524DED90085AC62 /* CoinListViewModel.swift in Sources */ = {isa = PBXBuildFile; fileRef = 058E0CED2524DED90085AC62 /* CoinListViewModel.swift */; };
		05999CCB251BBA1A0069BDB0 /* ItemView.swift in Sources */ = {isa = PBXBuildFile; fileRef = 05999CCA251BBA1A0069BDB0 /* ItemView.swift */; };
		05999D10251D35CA0069BDB0 /* Service.swift in Sources */ = {isa = PBXBuildFile; fileRef = 05999D0F251D35CA0069BDB0 /* Service.swift */; };
		05999D19251D3F520069BDB0 /* ItemViewModel.swift in Sources */ = {isa = PBXBuildFile; fileRef = 05999D18251D3F520069BDB0 /* ItemViewModel.swift */; };
		05DAA0E8251B9E4900FD3D07 /* StarterApp.swift in Sources */ = {isa = PBXBuildFile; fileRef = 05DAA0E7251B9E4900FD3D07 /* StarterApp.swift */; };
		05DAA0EA251B9E4900FD3D07 /* ContentView.swift in Sources */ = {isa = PBXBuildFile; fileRef = 05DAA0E9251B9E4900FD3D07 /* ContentView.swift */; };
		05DAA0EC251B9E4A00FD3D07 /* Assets.xcassets in Resources */ = {isa = PBXBuildFile; fileRef = 05DAA0EB251B9E4A00FD3D07 /* Assets.xcassets */; };
		05DAA0EF251B9E4A00FD3D07 /* Preview Assets.xcassets in Resources */ = {isa = PBXBuildFile; fileRef = 05DAA0EE251B9E4A00FD3D07 /* Preview Assets.xcassets */; };
		05DAA0F1251B9E4A00FD3D07 /* Persistence.swift in Sources */ = {isa = PBXBuildFile; fileRef = 05DAA0F0251B9E4A00FD3D07 /* Persistence.swift */; };
		05DAA0F4251B9E4A00FD3D07 /* Starter.xcdatamodeld in Sources */ = {isa = PBXBuildFile; fileRef = 05DAA0F2251B9E4A00FD3D07 /* Starter.xcdatamodeld */; };
		05DAA0FF251B9E4A00FD3D07 /* StarterTests.swift in Sources */ = {isa = PBXBuildFile; fileRef = 05DAA0FE251B9E4A00FD3D07 /* StarterTests.swift */; };
		05DAA10A251B9E4A00FD3D07 /* StarterUITests.swift in Sources */ = {isa = PBXBuildFile; fileRef = 05DAA109251B9E4A00FD3D07 /* StarterUITests.swift */; };
		05DAA11C251BA49400FD3D07 /* Item.swift in Sources */ = {isa = PBXBuildFile; fileRef = 05DAA11B251BA49400FD3D07 /* Item.swift */; };
/* End PBXBuildFile section */

/* Begin PBXContainerItemProxy section */
		05DAA0FB251B9E4A00FD3D07 /* PBXContainerItemProxy */ = {
			isa = PBXContainerItemProxy;
			containerPortal = 05DAA0DC251B9E4900FD3D07 /* Project object */;
			proxyType = 1;
			remoteGlobalIDString = 05DAA0E3251B9E4900FD3D07;
			remoteInfo = Starter;
		};
		05DAA106251B9E4A00FD3D07 /* PBXContainerItemProxy */ = {
			isa = PBXContainerItemProxy;
			containerPortal = 05DAA0DC251B9E4900FD3D07 /* Project object */;
			proxyType = 1;
			remoteGlobalIDString = 05DAA0E3251B9E4900FD3D07;
			remoteInfo = Starter;
		};
/* End PBXContainerItemProxy section */

/* Begin PBXFileReference section */
		0557F89C25253F4D001278AC /* Coin.swift */ = {isa = PBXFileReference; lastKnownFileType = sourcecode.swift; path = Coin.swift; sourceTree = "<group>"; };
		058E0CE82524DE9D0085AC62 /* CoinsList.swift */ = {isa = PBXFileReference; lastKnownFileType = sourcecode.swift; path = CoinsList.swift; sourceTree = "<group>"; };
		058E0CED2524DED90085AC62 /* CoinListViewModel.swift */ = {isa = PBXFileReference; lastKnownFileType = sourcecode.swift; path = CoinListViewModel.swift; sourceTree = "<group>"; };
		05999CCA251BBA1A0069BDB0 /* ItemView.swift */ = {isa = PBXFileReference; lastKnownFileType = sourcecode.swift; path = ItemView.swift; sourceTree = "<group>"; };
		05999D0F251D35CA0069BDB0 /* Service.swift */ = {isa = PBXFileReference; lastKnownFileType = sourcecode.swift; path = Service.swift; sourceTree = "<group>"; };
		05999D18251D3F520069BDB0 /* ItemViewModel.swift */ = {isa = PBXFileReference; lastKnownFileType = sourcecode.swift; path = ItemViewModel.swift; sourceTree = "<group>"; };
		05DAA0E4251B9E4900FD3D07 /* Starter.app */ = {isa = PBXFileReference; explicitFileType = wrapper.application; includeInIndex = 0; path = Starter.app; sourceTree = BUILT_PRODUCTS_DIR; };
		05DAA0E7251B9E4900FD3D07 /* StarterApp.swift */ = {isa = PBXFileReference; lastKnownFileType = sourcecode.swift; path = StarterApp.swift; sourceTree = "<group>"; };
		05DAA0E9251B9E4900FD3D07 /* ContentView.swift */ = {isa = PBXFileReference; lastKnownFileType = sourcecode.swift; path = ContentView.swift; sourceTree = "<group>"; };
		05DAA0EB251B9E4A00FD3D07 /* Assets.xcassets */ = {isa = PBXFileReference; lastKnownFileType = folder.assetcatalog; path = Assets.xcassets; sourceTree = "<group>"; };
		05DAA0EE251B9E4A00FD3D07 /* Preview Assets.xcassets */ = {isa = PBXFileReference; lastKnownFileType = folder.assetcatalog; path = "Preview Assets.xcassets"; sourceTree = "<group>"; };
		05DAA0F0251B9E4A00FD3D07 /* Persistence.swift */ = {isa = PBXFileReference; lastKnownFileType = sourcecode.swift; path = Persistence.swift; sourceTree = "<group>"; };
		05DAA0F3251B9E4A00FD3D07 /* Starter.xcdatamodel */ = {isa = PBXFileReference; lastKnownFileType = wrapper.xcdatamodel; path = Starter.xcdatamodel; sourceTree = "<group>"; };
		05DAA0F5251B9E4A00FD3D07 /* Info.plist */ = {isa = PBXFileReference; lastKnownFileType = text.plist.xml; path = Info.plist; sourceTree = "<group>"; };
		05DAA0FA251B9E4A00FD3D07 /* StarterTests.xctest */ = {isa = PBXFileReference; explicitFileType = wrapper.cfbundle; includeInIndex = 0; path = StarterTests.xctest; sourceTree = BUILT_PRODUCTS_DIR; };
		05DAA0FE251B9E4A00FD3D07 /* StarterTests.swift */ = {isa = PBXFileReference; lastKnownFileType = sourcecode.swift; path = StarterTests.swift; sourceTree = "<group>"; };
		05DAA100251B9E4A00FD3D07 /* Info.plist */ = {isa = PBXFileReference; lastKnownFileType = text.plist.xml; path = Info.plist; sourceTree = "<group>"; };
		05DAA105251B9E4A00FD3D07 /* StarterUITests.xctest */ = {isa = PBXFileReference; explicitFileType = wrapper.cfbundle; includeInIndex = 0; path = StarterUITests.xctest; sourceTree = BUILT_PRODUCTS_DIR; };
		05DAA109251B9E4A00FD3D07 /* StarterUITests.swift */ = {isa = PBXFileReference; lastKnownFileType = sourcecode.swift; path = StarterUITests.swift; sourceTree = "<group>"; };
		05DAA10B251B9E4A00FD3D07 /* Info.plist */ = {isa = PBXFileReference; lastKnownFileType = text.plist.xml; path = Info.plist; sourceTree = "<group>"; };
		05DAA11B251BA49400FD3D07 /* Item.swift */ = {isa = PBXFileReference; lastKnownFileType = sourcecode.swift; path = Item.swift; sourceTree = "<group>"; };
/* End PBXFileReference section */

/* Begin PBXFrameworksBuildPhase section */
		05DAA0E1251B9E4900FD3D07 /* Frameworks */ = {
			isa = PBXFrameworksBuildPhase;
			buildActionMask = 2147483647;
			files = (
			);
			runOnlyForDeploymentPostprocessing = 0;
		};
		05DAA0F7251B9E4A00FD3D07 /* Frameworks */ = {
			isa = PBXFrameworksBuildPhase;
			buildActionMask = 2147483647;
			files = (
			);
			runOnlyForDeploymentPostprocessing = 0;
		};
		05DAA102251B9E4A00FD3D07 /* Frameworks */ = {
			isa = PBXFrameworksBuildPhase;
			buildActionMask = 2147483647;
			files = (
			);
			runOnlyForDeploymentPostprocessing = 0;
		};
/* End PBXFrameworksBuildPhase section */

/* Begin PBXGroup section */
		05999CBE251BB9EB0069BDB0 /* Views */ = {
			isa = PBXGroup;
			children = (
				05999CCA251BBA1A0069BDB0 /* ItemView.swift */,
				058E0CE82524DE9D0085AC62 /* CoinsList.swift */,
			);
			path = Views;
			sourceTree = "<group>";
		};
		05999D0E251D35BD0069BDB0 /* Networking */ = {
			isa = PBXGroup;
			children = (
				05999D0F251D35CA0069BDB0 /* Service.swift */,
			);
			path = Networking;
			sourceTree = "<group>";
		};
		05999D17251D3F420069BDB0 /* ViewModel */ = {
			isa = PBXGroup;
			children = (
				05999D18251D3F520069BDB0 /* ItemViewModel.swift */,
				058E0CED2524DED90085AC62 /* CoinListViewModel.swift */,
			);
			path = ViewModel;
			sourceTree = "<group>";
		};
		05DAA0DB251B9E4900FD3D07 = {
			isa = PBXGroup;
			children = (
				05DAA0E6251B9E4900FD3D07 /* Starter */,
				05DAA0FD251B9E4A00FD3D07 /* StarterTests */,
				05DAA108251B9E4A00FD3D07 /* StarterUITests */,
				05DAA0E5251B9E4900FD3D07 /* Products */,
			);
			sourceTree = "<group>";
		};
		05DAA0E5251B9E4900FD3D07 /* Products */ = {
			isa = PBXGroup;
			children = (
				05DAA0E4251B9E4900FD3D07 /* Starter.app */,
				05DAA0FA251B9E4A00FD3D07 /* StarterTests.xctest */,
				05DAA105251B9E4A00FD3D07 /* StarterUITests.xctest */,
			);
			name = Products;
			sourceTree = "<group>";
		};
		05DAA0E6251B9E4900FD3D07 /* Starter */ = {
			isa = PBXGroup;
			children = (
				05999D17251D3F420069BDB0 /* ViewModel */,
				05999D0E251D35BD0069BDB0 /* Networking */,
				05999CBE251BB9EB0069BDB0 /* Views */,
				05DAA11A251BA48300FD3D07 /* Model */,
				05DAA0E7251B9E4900FD3D07 /* StarterApp.swift */,
				05DAA0E9251B9E4900FD3D07 /* ContentView.swift */,
				05DAA0EB251B9E4A00FD3D07 /* Assets.xcassets */,
				05DAA0F0251B9E4A00FD3D07 /* Persistence.swift */,
				05DAA0F5251B9E4A00FD3D07 /* Info.plist */,
				05DAA0F2251B9E4A00FD3D07 /* Starter.xcdatamodeld */,
				05DAA0ED251B9E4A00FD3D07 /* Preview Content */,
			);
			path = Starter;
			sourceTree = "<group>";
		};
		05DAA0ED251B9E4A00FD3D07 /* Preview Content */ = {
			isa = PBXGroup;
			children = (
				05DAA0EE251B9E4A00FD3D07 /* Preview Assets.xcassets */,
			);
			path = "Preview Content";
			sourceTree = "<group>";
		};
		05DAA0FD251B9E4A00FD3D07 /* StarterTests */ = {
			isa = PBXGroup;
			children = (
				05DAA0FE251B9E4A00FD3D07 /* StarterTests.swift */,
				05DAA100251B9E4A00FD3D07 /* Info.plist */,
			);
			path = StarterTests;
			sourceTree = "<group>";
		};
		05DAA108251B9E4A00FD3D07 /* StarterUITests */ = {
			isa = PBXGroup;
			children = (
				05DAA109251B9E4A00FD3D07 /* StarterUITests.swift */,
				05DAA10B251B9E4A00FD3D07 /* Info.plist */,
			);
			path = StarterUITests;
			sourceTree = "<group>";
		};
		05DAA11A251BA48300FD3D07 /* Model */ = {
			isa = PBXGroup;
			children = (
				05DAA11B251BA49400FD3D07 /* Item.swift */,
				0557F89C25253F4D001278AC /* Coin.swift */,
			);
			path = Model;
			sourceTree = "<group>";
		};
/* End PBXGroup section */

/* Begin PBXNativeTarget section */
		05DAA0E3251B9E4900FD3D07 /* Starter */ = {
			isa = PBXNativeTarget;
			buildConfigurationList = 05DAA10E251B9E4A00FD3D07 /* Build configuration list for PBXNativeTarget "Starter" */;
			buildPhases = (
				05DAA0E0251B9E4900FD3D07 /* Sources */,
				05DAA0E1251B9E4900FD3D07 /* Frameworks */,
				05DAA0E2251B9E4900FD3D07 /* Resources */,
			);
			buildRules = (
			);
			dependencies = (
			);
			name = Starter;
			productName = Starter;
			productReference = 05DAA0E4251B9E4900FD3D07 /* Starter.app */;
			productType = "com.apple.product-type.application";
		};
		05DAA0F9251B9E4A00FD3D07 /* StarterTests */ = {
			isa = PBXNativeTarget;
			buildConfigurationList = 05DAA111251B9E4A00FD3D07 /* Build configuration list for PBXNativeTarget "StarterTests" */;
			buildPhases = (
				05DAA0F6251B9E4A00FD3D07 /* Sources */,
				05DAA0F7251B9E4A00FD3D07 /* Frameworks */,
				05DAA0F8251B9E4A00FD3D07 /* Resources */,
			);
			buildRules = (
			);
			dependencies = (
				05DAA0FC251B9E4A00FD3D07 /* PBXTargetDependency */,
			);
			name = StarterTests;
			productName = StarterTests;
			productReference = 05DAA0FA251B9E4A00FD3D07 /* StarterTests.xctest */;
			productType = "com.apple.product-type.bundle.unit-test";
		};
		05DAA104251B9E4A00FD3D07 /* StarterUITests */ = {
			isa = PBXNativeTarget;
			buildConfigurationList = 05DAA114251B9E4A00FD3D07 /* Build configuration list for PBXNativeTarget "StarterUITests" */;
			buildPhases = (
				05DAA101251B9E4A00FD3D07 /* Sources */,
				05DAA102251B9E4A00FD3D07 /* Frameworks */,
				05DAA103251B9E4A00FD3D07 /* Resources */,
			);
			buildRules = (
			);
			dependencies = (
				05DAA107251B9E4A00FD3D07 /* PBXTargetDependency */,
			);
			name = StarterUITests;
			productName = StarterUITests;
			productReference = 05DAA105251B9E4A00FD3D07 /* StarterUITests.xctest */;
			productType = "com.apple.product-type.bundle.ui-testing";
		};
/* End PBXNativeTarget section */

/* Begin PBXProject section */
		05DAA0DC251B9E4900FD3D07 /* Project object */ = {
			isa = PBXProject;
			attributes = {
				LastSwiftUpdateCheck = 1200;
				LastUpgradeCheck = 1200;
				TargetAttributes = {
					05DAA0E3251B9E4900FD3D07 = {
						CreatedOnToolsVersion = 12.0;
					};
					05DAA0F9251B9E4A00FD3D07 = {
						CreatedOnToolsVersion = 12.0;
						TestTargetID = 05DAA0E3251B9E4900FD3D07;
					};
					05DAA104251B9E4A00FD3D07 = {
						CreatedOnToolsVersion = 12.0;
						TestTargetID = 05DAA0E3251B9E4900FD3D07;
					};
				};
			};
			buildConfigurationList = 05DAA0DF251B9E4900FD3D07 /* Build configuration list for PBXProject "Starter" */;
			compatibilityVersion = "Xcode 9.3";
			developmentRegion = en;
			hasScannedForEncodings = 0;
			knownRegions = (
				en,
				Base,
			);
			mainGroup = 05DAA0DB251B9E4900FD3D07;
			productRefGroup = 05DAA0E5251B9E4900FD3D07 /* Products */;
			projectDirPath = "";
			projectRoot = "";
			targets = (
				05DAA0E3251B9E4900FD3D07 /* Starter */,
				05DAA0F9251B9E4A00FD3D07 /* StarterTests */,
				05DAA104251B9E4A00FD3D07 /* StarterUITests */,
			);
		};
/* End PBXProject section */

/* Begin PBXResourcesBuildPhase section */
		05DAA0E2251B9E4900FD3D07 /* Resources */ = {
			isa = PBXResourcesBuildPhase;
			buildActionMask = 2147483647;
			files = (
				05DAA0EF251B9E4A00FD3D07 /* Preview Assets.xcassets in Resources */,
				05DAA0EC251B9E4A00FD3D07 /* Assets.xcassets in Resources */,
			);
			runOnlyForDeploymentPostprocessing = 0;
		};
		05DAA0F8251B9E4A00FD3D07 /* Resources */ = {
			isa = PBXResourcesBuildPhase;
			buildActionMask = 2147483647;
			files = (
			);
			runOnlyForDeploymentPostprocessing = 0;
		};
		05DAA103251B9E4A00FD3D07 /* Resources */ = {
			isa = PBXResourcesBuildPhase;
			buildActionMask = 2147483647;
			files = (
			);
			runOnlyForDeploymentPostprocessing = 0;
		};
/* End PBXResourcesBuildPhase section */

/* Begin PBXSourcesBuildPhase section */
		05DAA0E0251B9E4900FD3D07 /* Sources */ = {
			isa = PBXSourcesBuildPhase;
			buildActionMask = 2147483647;
			files = (
				05DAA11C251BA49400FD3D07 /* Item.swift in Sources */,
				05999D10251D35CA0069BDB0 /* Service.swift in Sources */,
				05999CCB251BBA1A0069BDB0 /* ItemView.swift in Sources */,
				05DAA0F1251B9E4A00FD3D07 /* Persistence.swift in Sources */,
				05DAA0F4251B9E4A00FD3D07 /* Starter.xcdatamodeld in Sources */,
				05DAA0EA251B9E4900FD3D07 /* ContentView.swift in Sources */,
				05999D19251D3F520069BDB0 /* ItemViewModel.swift in Sources */,
				05DAA0E8251B9E4900FD3D07 /* StarterApp.swift in Sources */,
				058E0CE92524DE9D0085AC62 /* CoinsList.swift in Sources */,
				0557F89D25253F4D001278AC /* Coin.swift in Sources */,
				058E0CEE2524DED90085AC62 /* CoinListViewModel.swift in Sources */,
			);
			runOnlyForDeploymentPostprocessing = 0;
		};
		05DAA0F6251B9E4A00FD3D07 /* Sources */ = {
			isa = PBXSourcesBuildPhase;
			buildActionMask = 2147483647;
			files = (
				05DAA0FF251B9E4A00FD3D07 /* StarterTests.swift in Sources */,
			);
			runOnlyForDeploymentPostprocessing = 0;
		};
		05DAA101251B9E4A00FD3D07 /* Sources */ = {
			isa = PBXSourcesBuildPhase;
			buildActionMask = 2147483647;
			files = (
				05DAA10A251B9E4A00FD3D07 /* StarterUITests.swift in Sources */,
			);
			runOnlyForDeploymentPostprocessing = 0;
		};
/* End PBXSourcesBuildPhase section */

/* Begin PBXTargetDependency section */
		05DAA0FC251B9E4A00FD3D07 /* PBXTargetDependency */ = {
			isa = PBXTargetDependency;
			target = 05DAA0E3251B9E4900FD3D07 /* Starter */;
			targetProxy = 05DAA0FB251B9E4A00FD3D07 /* PBXContainerItemProxy */;
		};
		05DAA107251B9E4A00FD3D07 /* PBXTargetDependency */ = {
			isa = PBXTargetDependency;
			target = 05DAA0E3251B9E4900FD3D07 /* Starter */;
			targetProxy = 05DAA106251B9E4A00FD3D07 /* PBXContainerItemProxy */;
		};
/* End PBXTargetDependency section */

/* Begin XCBuildConfiguration section */
		05DAA10C251B9E4A00FD3D07 /* Debug */ = {
			isa = XCBuildConfiguration;
			buildSettings = {
				ALWAYS_SEARCH_USER_PATHS = NO;
				CLANG_ANALYZER_NONNULL = YES;
				CLANG_ANALYZER_NUMBER_OBJECT_CONVERSION = YES_AGGRESSIVE;
				CLANG_CXX_LANGUAGE_STANDARD = "gnu++14";
				CLANG_CXX_LIBRARY = "libc++";
				CLANG_ENABLE_MODULES = YES;
				CLANG_ENABLE_OBJC_ARC = YES;
				CLANG_ENABLE_OBJC_WEAK = YES;
				CLANG_WARN_BLOCK_CAPTURE_AUTORELEASING = YES;
				CLANG_WARN_BOOL_CONVERSION = YES;
				CLANG_WARN_COMMA = YES;
				CLANG_WARN_CONSTANT_CONVERSION = YES;
				CLANG_WARN_DEPRECATED_OBJC_IMPLEMENTATIONS = YES;
				CLANG_WARN_DIRECT_OBJC_ISA_USAGE = YES_ERROR;
				CLANG_WARN_DOCUMENTATION_COMMENTS = YES;
				CLANG_WARN_EMPTY_BODY = YES;
				CLANG_WARN_ENUM_CONVERSION = YES;
				CLANG_WARN_INFINITE_RECURSION = YES;
				CLANG_WARN_INT_CONVERSION = YES;
				CLANG_WARN_NON_LITERAL_NULL_CONVERSION = YES;
				CLANG_WARN_OBJC_IMPLICIT_RETAIN_SELF = YES;
				CLANG_WARN_OBJC_LITERAL_CONVERSION = YES;
				CLANG_WARN_OBJC_ROOT_CLASS = YES_ERROR;
				CLANG_WARN_QUOTED_INCLUDE_IN_FRAMEWORK_HEADER = YES;
				CLANG_WARN_RANGE_LOOP_ANALYSIS = YES;
				CLANG_WARN_STRICT_PROTOTYPES = YES;
				CLANG_WARN_SUSPICIOUS_MOVE = YES;
				CLANG_WARN_UNGUARDED_AVAILABILITY = YES_AGGRESSIVE;
				CLANG_WARN_UNREACHABLE_CODE = YES;
				CLANG_WARN__DUPLICATE_METHOD_MATCH = YES;
				COPY_PHASE_STRIP = NO;
				DEBUG_INFORMATION_FORMAT = dwarf;
				ENABLE_STRICT_OBJC_MSGSEND = YES;
				ENABLE_TESTABILITY = YES;
				GCC_C_LANGUAGE_STANDARD = gnu11;
				GCC_DYNAMIC_NO_PIC = NO;
				GCC_NO_COMMON_BLOCKS = YES;
				GCC_OPTIMIZATION_LEVEL = 0;
				GCC_PREPROCESSOR_DEFINITIONS = (
					"DEBUG=1",
					"$(inherited)",
				);
				GCC_WARN_64_TO_32_BIT_CONVERSION = YES;
				GCC_WARN_ABOUT_RETURN_TYPE = YES_ERROR;
				GCC_WARN_UNDECLARED_SELECTOR = YES;
				GCC_WARN_UNINITIALIZED_AUTOS = YES_AGGRESSIVE;
				GCC_WARN_UNUSED_FUNCTION = YES;
				GCC_WARN_UNUSED_VARIABLE = YES;
				IPHONEOS_DEPLOYMENT_TARGET = 14.0;
				MTL_ENABLE_DEBUG_INFO = INCLUDE_SOURCE;
				MTL_FAST_MATH = YES;
				ONLY_ACTIVE_ARCH = YES;
				SDKROOT = iphoneos;
				SWIFT_ACTIVE_COMPILATION_CONDITIONS = DEBUG;
				SWIFT_OPTIMIZATION_LEVEL = "-Onone";
			};
			name = Debug;
		};
		05DAA10D251B9E4A00FD3D07 /* Release */ = {
			isa = XCBuildConfiguration;
			buildSettings = {
				ALWAYS_SEARCH_USER_PATHS = NO;
				CLANG_ANALYZER_NONNULL = YES;
				CLANG_ANALYZER_NUMBER_OBJECT_CONVERSION = YES_AGGRESSIVE;
				CLANG_CXX_LANGUAGE_STANDARD = "gnu++14";
				CLANG_CXX_LIBRARY = "libc++";
				CLANG_ENABLE_MODULES = YES;
				CLANG_ENABLE_OBJC_ARC = YES;
				CLANG_ENABLE_OBJC_WEAK = YES;
				CLANG_WARN_BLOCK_CAPTURE_AUTORELEASING = YES;
				CLANG_WARN_BOOL_CONVERSION = YES;
				CLANG_WARN_COMMA = YES;
				CLANG_WARN_CONSTANT_CONVERSION = YES;
				CLANG_WARN_DEPRECATED_OBJC_IMPLEMENTATIONS = YES;
				CLANG_WARN_DIRECT_OBJC_ISA_USAGE = YES_ERROR;
				CLANG_WARN_DOCUMENTATION_COMMENTS = YES;
				CLANG_WARN_EMPTY_BODY = YES;
				CLANG_WARN_ENUM_CONVERSION = YES;
				CLANG_WARN_INFINITE_RECURSION = YES;
				CLANG_WARN_INT_CONVERSION = YES;
				CLANG_WARN_NON_LITERAL_NULL_CONVERSION = YES;
				CLANG_WARN_OBJC_IMPLICIT_RETAIN_SELF = YES;
				CLANG_WARN_OBJC_LITERAL_CONVERSION = YES;
				CLANG_WARN_OBJC_ROOT_CLASS = YES_ERROR;
				CLANG_WARN_QUOTED_INCLUDE_IN_FRAMEWORK_HEADER = YES;
				CLANG_WARN_RANGE_LOOP_ANALYSIS = YES;
				CLANG_WARN_STRICT_PROTOTYPES = YES;
				CLANG_WARN_SUSPICIOUS_MOVE = YES;
				CLANG_WARN_UNGUARDED_AVAILABILITY = YES_AGGRESSIVE;
				CLANG_WARN_UNREACHABLE_CODE = YES;
				CLANG_WARN__DUPLICATE_METHOD_MATCH = YES;
				COPY_PHASE_STRIP = NO;
				DEBUG_INFORMATION_FORMAT = "dwarf-with-dsym";
				ENABLE_NS_ASSERTIONS = NO;
				ENABLE_STRICT_OBJC_MSGSEND = YES;
				GCC_C_LANGUAGE_STANDARD = gnu11;
				GCC_NO_COMMON_BLOCKS = YES;
				GCC_WARN_64_TO_32_BIT_CONVERSION = YES;
				GCC_WARN_ABOUT_RETURN_TYPE = YES_ERROR;
				GCC_WARN_UNDECLARED_SELECTOR = YES;
				GCC_WARN_UNINITIALIZED_AUTOS = YES_AGGRESSIVE;
				GCC_WARN_UNUSED_FUNCTION = YES;
				GCC_WARN_UNUSED_VARIABLE = YES;
				IPHONEOS_DEPLOYMENT_TARGET = 14.0;
				MTL_ENABLE_DEBUG_INFO = NO;
				MTL_FAST_MATH = YES;
				SDKROOT = iphoneos;
				SWIFT_COMPILATION_MODE = wholemodule;
				SWIFT_OPTIMIZATION_LEVEL = "-O";
				VALIDATE_PRODUCT = YES;
			};
			name = Release;
		};
		05DAA10F251B9E4A00FD3D07 /* Debug */ = {
			isa = XCBuildConfiguration;
			buildSettings = {
				ASSETCATALOG_COMPILER_APPICON_NAME = AppIcon;
				ASSETCATALOG_COMPILER_GLOBAL_ACCENT_COLOR_NAME = AccentColor;
				CODE_SIGN_STYLE = Automatic;
				DEVELOPMENT_ASSET_PATHS = "\"Starter/Preview Content\"";
				ENABLE_PREVIEWS = YES;
				INFOPLIST_FILE = Starter/Info.plist;
				IPHONEOS_DEPLOYMENT_TARGET = 14.0;
				LD_RUNPATH_SEARCH_PATHS = (
					"$(inherited)",
					"@executable_path/Frameworks",
				);
				PRODUCT_BUNDLE_IDENTIFIER = com.swiftui.coredata.combine.Starter;
				PRODUCT_NAME = "$(TARGET_NAME)";
				SWIFT_VERSION = 5.0;
				TARGETED_DEVICE_FAMILY = "1,2";
			};
			name = Debug;
		};
		05DAA110251B9E4A00FD3D07 /* Release */ = {
			isa = XCBuildConfiguration;
			buildSettings = {
				ASSETCATALOG_COMPILER_APPICON_NAME = AppIcon;
				ASSETCATALOG_COMPILER_GLOBAL_ACCENT_COLOR_NAME = AccentColor;
				CODE_SIGN_STYLE = Automatic;
				DEVELOPMENT_ASSET_PATHS = "\"Starter/Preview Content\"";
				ENABLE_PREVIEWS = YES;
				INFOPLIST_FILE = Starter/Info.plist;
				IPHONEOS_DEPLOYMENT_TARGET = 14.0;
				LD_RUNPATH_SEARCH_PATHS = (
					"$(inherited)",
					"@executable_path/Frameworks",
				);
				PRODUCT_BUNDLE_IDENTIFIER = com.swiftui.coredata.combine.Starter;
				PRODUCT_NAME = "$(TARGET_NAME)";
				SWIFT_VERSION = 5.0;
				TARGETED_DEVICE_FAMILY = "1,2";
			};
			name = Release;
		};
		05DAA112251B9E4A00FD3D07 /* Debug */ = {
			isa = XCBuildConfiguration;
			buildSettings = {
				ALWAYS_EMBED_SWIFT_STANDARD_LIBRARIES = YES;
				BUNDLE_LOADER = "$(TEST_HOST)";
				CODE_SIGN_STYLE = Automatic;
				INFOPLIST_FILE = StarterTests/Info.plist;
				IPHONEOS_DEPLOYMENT_TARGET = 14.0;
				LD_RUNPATH_SEARCH_PATHS = (
					"$(inherited)",
					"@executable_path/Frameworks",
					"@loader_path/Frameworks",
				);
				PRODUCT_BUNDLE_IDENTIFIER = com.swiftui.coredata.combine.StarterTests;
				PRODUCT_NAME = "$(TARGET_NAME)";
				SWIFT_VERSION = 5.0;
				TARGETED_DEVICE_FAMILY = "1,2";
				TEST_HOST = "$(BUILT_PRODUCTS_DIR)/Starter.app/Starter";
			};
			name = Debug;
		};
		05DAA113251B9E4A00FD3D07 /* Release */ = {
			isa = XCBuildConfiguration;
			buildSettings = {
				ALWAYS_EMBED_SWIFT_STANDARD_LIBRARIES = YES;
				BUNDLE_LOADER = "$(TEST_HOST)";
				CODE_SIGN_STYLE = Automatic;
				INFOPLIST_FILE = StarterTests/Info.plist;
				IPHONEOS_DEPLOYMENT_TARGET = 14.0;
				LD_RUNPATH_SEARCH_PATHS = (
					"$(inherited)",
					"@executable_path/Frameworks",
					"@loader_path/Frameworks",
				);
				PRODUCT_BUNDLE_IDENTIFIER = com.swiftui.coredata.combine.StarterTests;
				PRODUCT_NAME = "$(TARGET_NAME)";
				SWIFT_VERSION = 5.0;
				TARGETED_DEVICE_FAMILY = "1,2";
				TEST_HOST = "$(BUILT_PRODUCTS_DIR)/Starter.app/Starter";
			};
			name = Release;
		};
		05DAA115251B9E4A00FD3D07 /* Debug */ = {
			isa = XCBuildConfiguration;
			buildSettings = {
				ALWAYS_EMBED_SWIFT_STANDARD_LIBRARIES = YES;
				CODE_SIGN_STYLE = Automatic;
				INFOPLIST_FILE = StarterUITests/Info.plist;
				LD_RUNPATH_SEARCH_PATHS = (
					"$(inherited)",
					"@executable_path/Frameworks",
					"@loader_path/Frameworks",
				);
				PRODUCT_BUNDLE_IDENTIFIER = com.swiftui.coredata.combine.StarterUITests;
				PRODUCT_NAME = "$(TARGET_NAME)";
				SWIFT_VERSION = 5.0;
				TARGETED_DEVICE_FAMILY = "1,2";
				TEST_TARGET_NAME = Starter;
			};
			name = Debug;
		};
		05DAA116251B9E4A00FD3D07 /* Release */ = {
			isa = XCBuildConfiguration;
			buildSettings = {
				ALWAYS_EMBED_SWIFT_STANDARD_LIBRARIES = YES;
				CODE_SIGN_STYLE = Automatic;
				INFOPLIST_FILE = StarterUITests/Info.plist;
				LD_RUNPATH_SEARCH_PATHS = (
					"$(inherited)",
					"@executable_path/Frameworks",
					"@loader_path/Frameworks",
				);
				PRODUCT_BUNDLE_IDENTIFIER = com.swiftui.coredata.combine.StarterUITests;
				PRODUCT_NAME = "$(TARGET_NAME)";
				SWIFT_VERSION = 5.0;
				TARGETED_DEVICE_FAMILY = "1,2";
				TEST_TARGET_NAME = Starter;
			};
			name = Release;
		};
/* End XCBuildConfiguration section */

/* Begin XCConfigurationList section */
		05DAA0DF251B9E4900FD3D07 /* Build configuration list for PBXProject "Starter" */ = {
			isa = XCConfigurationList;
			buildConfigurations = (
				05DAA10C251B9E4A00FD3D07 /* Debug */,
				05DAA10D251B9E4A00FD3D07 /* Release */,
			);
			defaultConfigurationIsVisible = 0;
			defaultConfigurationName = Release;
		};
		05DAA10E251B9E4A00FD3D07 /* Build configuration list for PBXNativeTarget "Starter" */ = {
			isa = XCConfigurationList;
			buildConfigurations = (
				05DAA10F251B9E4A00FD3D07 /* Debug */,
				05DAA110251B9E4A00FD3D07 /* Release */,
			);
			defaultConfigurationIsVisible = 0;
			defaultConfigurationName = Release;
		};
		05DAA111251B9E4A00FD3D07 /* Build configuration list for PBXNativeTarget "StarterTests" */ = {
			isa = XCConfigurationList;
			buildConfigurations = (
				05DAA112251B9E4A00FD3D07 /* Debug */,
				05DAA113251B9E4A00FD3D07 /* Release */,
			);
			defaultConfigurationIsVisible = 0;
			defaultConfigurationName = Release;
		};
		05DAA114251B9E4A00FD3D07 /* Build configuration list for PBXNativeTarget "StarterUITests" */ = {
			isa = XCConfigurationList;
			buildConfigurations = (
				05DAA115251B9E4A00FD3D07 /* Debug */,
				05DAA116251B9E4A00FD3D07 /* Release */,
			);
			defaultConfigurationIsVisible = 0;
			defaultConfigurationName = Release;
		};
/* End XCConfigurationList section */

/* Begin XCVersionGroup section */
		05DAA0F2251B9E4A00FD3D07 /* Starter.xcdatamodeld */ = {
			isa = XCVersionGroup;
			children = (
				05DAA0F3251B9E4A00FD3D07 /* Starter.xcdatamodel */,
			);
			currentVersion = 05DAA0F3251B9E4A00FD3D07 /* Starter.xcdatamodel */;
			path = Starter.xcdatamodeld;
			sourceTree = "<group>";
			versionGroupType = wrapper.xcdatamodel;
		};
/* End XCVersionGroup section */
	};
	rootObject = 05DAA0DC251B9E4900FD3D07 /* Project object */;
}
